
Microsoft Visual Studio Solution File, Format Version 12.00
# Visual Studio 2015
Project("{FAE04EC0-301F-11D3-BF4B-00C04F79EFBC}") = "WoDTool.Plugins", "WoDTool.Plugins.csproj", "{1C2CF4FF-91D2-7E4B-834A-22AEDF8B2237}"
EndProject
Project("{FAE04EC0-301F-11D3-BF4B-00C04F79EFBC}") = "WoDTool", "WoDTool.csproj", "{C72D5A30-E0D1-1DD2-5767-7CCB8042B1ED}"
EndProject
Project("{FAE04EC0-301F-11D3-BF4B-00C04F79EFBC}") = "WoDTool.Editor", "WoDTool.Editor.csproj", "{79041C01-4DDA-64FA-9246-EAF6AA3A0DFB}"
EndProject
Global
	GlobalSection(SolutionConfigurationPlatforms) = preSolution
		Debug|Any CPU = Debug|Any CPU
		Release|Any CPU = Release|Any CPU
	EndGlobalSection
	GlobalSection(ProjectConfigurationPlatforms) = postSolution
		{1C2CF4FF-91D2-7E4B-834A-22AEDF8B2237}.Debug|Any CPU.ActiveCfg = Debug|Any CPU
		{1C2CF4FF-91D2-7E4B-834A-22AEDF8B2237}.Debug|Any CPU.Build.0 = Debug|Any CPU
		{1C2CF4FF-91D2-7E4B-834A-22AEDF8B2237}.Release|Any CPU.ActiveCfg = Release|Any CPU
		{1C2CF4FF-91D2-7E4B-834A-22AEDF8B2237}.Release|Any CPU.Build.0 = Release|Any CPU
		{C72D5A30-E0D1-1DD2-5767-7CCB8042B1ED}.Debug|Any CPU.ActiveCfg = Debug|Any CPU
		{C72D5A30-E0D1-1DD2-5767-7CCB8042B1ED}.Debug|Any CPU.Build.0 = Debug|Any CPU
		{C72D5A30-E0D1-1DD2-5767-7CCB8042B1ED}.Release|Any CPU.ActiveCfg = Release|Any CPU
		{C72D5A30-E0D1-1DD2-5767-7CCB8042B1ED}.Release|Any CPU.Build.0 = Release|Any CPU
		{79041C01-4DDA-64FA-9246-EAF6AA3A0DFB}.Debug|Any CPU.ActiveCfg = Debug|Any CPU
		{79041C01-4DDA-64FA-9246-EAF6AA3A0DFB}.Debug|Any CPU.Build.0 = Debug|Any CPU
		{79041C01-4DDA-64FA-9246-EAF6AA3A0DFB}.Release|Any CPU.ActiveCfg = Release|Any CPU
		{79041C01-4DDA-64FA-9246-EAF6AA3A0DFB}.Release|Any CPU.Build.0 = Release|Any CPU
	EndGlobalSection
	GlobalSection(SolutionProperties) = preSolution
		HideSolutionNode = FALSE
	EndGlobalSection
EndGlobal
